
Microsoft Visual Studio Solution File, Format Version 12.00
# Visual Studio 2015
Project("{FAE04EC0-301F-11D3-BF4B-00C04F79EFBC}") = "TheMessemger_2.CSharp.Plugins", "TheMessemger_2.CSharp.Plugins.csproj", "{78533640-8F7D-BF00-D130-DEB235005DEA}"
EndProject
Project("{FAE04EC0-301F-11D3-BF4B-00C04F79EFBC}") = "TheMessemger_2.CSharp", "TheMessemger_2.CSharp.csproj", "{0E10FC0C-CFDF-9697-ADE5-C65079668B49}"
EndProject
Project("{FAE04EC0-301F-11D3-BF4B-00C04F79EFBC}") = "TheMessemger_2.CSharp.Editor", "TheMessemger_2.CSharp.Editor.csproj", "{541DF70D-E283-BF74-B120-4439863FAF5F}"
EndProject
Global
	GlobalSection(SolutionConfigurationPlatforms) = preSolution
		Debug|Any CPU = Debug|Any CPU
		Release|Any CPU = Release|Any CPU
	EndGlobalSection
	GlobalSection(ProjectConfigurationPlatforms) = postSolution
		{78533640-8F7D-BF00-D130-DEB235005DEA}.Debug|Any CPU.ActiveCfg = Debug|Any CPU
		{78533640-8F7D-BF00-D130-DEB235005DEA}.Debug|Any CPU.Build.0 = Debug|Any CPU
		{78533640-8F7D-BF00-D130-DEB235005DEA}.Release|Any CPU.ActiveCfg = Release|Any CPU
		{78533640-8F7D-BF00-D130-DEB235005DEA}.Release|Any CPU.Build.0 = Release|Any CPU
		{0E10FC0C-CFDF-9697-ADE5-C65079668B49}.Debug|Any CPU.ActiveCfg = Debug|Any CPU
		{0E10FC0C-CFDF-9697-ADE5-C65079668B49}.Debug|Any CPU.Build.0 = Debug|Any CPU
		{0E10FC0C-CFDF-9697-ADE5-C65079668B49}.Release|Any CPU.ActiveCfg = Release|Any CPU
		{0E10FC0C-CFDF-9697-ADE5-C65079668B49}.Release|Any CPU.Build.0 = Release|Any CPU
		{541DF70D-E283-BF74-B120-4439863FAF5F}.Debug|Any CPU.ActiveCfg = Debug|Any CPU
		{541DF70D-E283-BF74-B120-4439863FAF5F}.Debug|Any CPU.Build.0 = Debug|Any CPU
		{541DF70D-E283-BF74-B120-4439863FAF5F}.Release|Any CPU.ActiveCfg = Release|Any CPU
		{541DF70D-E283-BF74-B120-4439863FAF5F}.Release|Any CPU.Build.0 = Release|Any CPU
	EndGlobalSection
	GlobalSection(SolutionProperties) = preSolution
		HideSolutionNode = FALSE
	EndGlobalSection
EndGlobal
